// !$*UTF8*$!
{
	archiveVersion = 1;
	classes = {
	};
	objectVersion = 50;
	objects = {

/* Begin PBXBuildFile section */
		04DDC6CE2140B16400F454C0 /* AppDelegate.m in Sources */ = {isa = PBXBuildFile; fileRef = 04DDC6CD2140B16400F454C0 /* AppDelegate.m */; };
		04DDC6D02140B16500F454C0 /* Assets.xcassets in Resources */ = {isa = PBXBuildFile; fileRef = 04DDC6CF2140B16500F454C0 /* Assets.xcassets */; };
		04DDC6D32140B16500F454C0 /* LaunchScreen.storyboard in Resources */ = {isa = PBXBuildFile; fileRef = 04DDC6D12140B16500F454C0 /* LaunchScreen.storyboard */; };
		04DDC6D62140B16500F454C0 /* main.m in Sources */ = {isa = PBXBuildFile; fileRef = 04DDC6D52140B16500F454C0 /* main.m */; };
		04DDC6E22140B2FF00F454C0 /* RootViewController.m in Sources */ = {isa = PBXBuildFile; fileRef = 04DDC6E12140B2FF00F454C0 /* RootViewController.m */; };
		04DDC6E82140B95D00F454C0 /* EDWBaseViewController.m in Sources */ = {isa = PBXBuildFile; fileRef = 04DDC6E72140B95D00F454C0 /* EDWBaseViewController.m */; };
/* End PBXBuildFile section */

/* Begin PBXFileReference section */
		04DDC6C92140B16400F454C0 /* EDWBaseViewControllerDemo.app */ = {isa = PBXFileReference; explicitFileType = wrapper.application; includeInIndex = 0; path = EDWBaseViewControllerDemo.app; sourceTree = BUILT_PRODUCTS_DIR; };
		04DDC6CC2140B16400F454C0 /* AppDelegate.h */ = {isa = PBXFileReference; lastKnownFileType = sourcecode.c.h; path = AppDelegate.h; sourceTree = "<group>"; };
		04DDC6CD2140B16400F454C0 /* AppDelegate.m */ = {isa = PBXFileReference; lastKnownFileType = sourcecode.c.objc; path = AppDelegate.m; sourceTree = "<group>"; };
		04DDC6CF2140B16500F454C0 /* Assets.xcassets */ = {isa = PBXFileReference; lastKnownFileType = folder.assetcatalog; path = Assets.xcassets; sourceTree = "<group>"; };
		04DDC6D22140B16500F454C0 /* Base */ = {isa = PBXFileReference; lastKnownFileType = file.storyboard; name = Base; path = Base.lproj/LaunchScreen.storyboard; sourceTree = "<group>"; };
		04DDC6D42140B16500F454C0 /* Info.plist */ = {isa = PBXFileReference; lastKnownFileType = text.plist.xml; path = Info.plist; sourceTree = "<group>"; };
		04DDC6D52140B16500F454C0 /* main.m */ = {isa = PBXFileReference; lastKnownFileType = sourcecode.c.objc; path = main.m; sourceTree = "<group>"; };
		04DDC6E02140B2FF00F454C0 /* RootViewController.h */ = {isa = PBXFileReference; lastKnownFileType = sourcecode.c.h; path = RootViewController.h; sourceTree = "<group>"; };
		04DDC6E12140B2FF00F454C0 /* RootViewController.m */ = {isa = PBXFileReference; lastKnownFileType = sourcecode.c.objc; path = RootViewController.m; sourceTree = "<group>"; };
		04DDC6E62140B95D00F454C0 /* EDWBaseViewController.h */ = {isa = PBXFileReference; fileEncoding = 4; lastKnownFileType = sourcecode.c.h; path = EDWBaseViewController.h; sourceTree = "<group>"; };
		04DDC6E72140B95D00F454C0 /* EDWBaseViewController.m */ = {isa = PBXFileReference; fileEncoding = 4; lastKnownFileType = sourcecode.c.objc; path = EDWBaseViewController.m; sourceTree = "<group>"; };
/* End PBXFileReference section */

/* Begin PBXFrameworksBuildPhase section */
		04DDC6C62140B16400F454C0 /* Frameworks */ = {
			isa = PBXFrameworksBuildPhase;
			buildActionMask = 2147483647;
			files = (
			);
			runOnlyForDeploymentPostprocessing = 0;
		};
/* End PBXFrameworksBuildPhase section */

/* Begin PBXGroup section */
		04DDC6C02140B16400F454C0 = {
			isa = PBXGroup;
			children = (
				04DDC6DC2140B18200F454C0 /* EDWBaseViewController */,
				04DDC6CB2140B16400F454C0 /* EDWBaseViewControllerDemo */,
				04DDC6CA2140B16400F454C0 /* Products */,
			);
			sourceTree = "<group>";
		};
		04DDC6CA2140B16400F454C0 /* Products */ = {
			isa = PBXGroup;
			children = (
				04DDC6C92140B16400F454C0 /* EDWBaseViewControllerDemo.app */,
			);
			name = Products;
			sourceTree = "<group>";
		};
		04DDC6CB2140B16400F454C0 /* EDWBaseViewControllerDemo */ = {
			isa = PBXGroup;
			children = (
				04DDC6CC2140B16400F454C0 /* AppDelegate.h */,
				04DDC6CD2140B16400F454C0 /* AppDelegate.m */,
				04DDC6E02140B2FF00F454C0 /* RootViewController.h */,
				04DDC6E12140B2FF00F454C0 /* RootViewController.m */,
				04DDC6CF2140B16500F454C0 /* Assets.xcassets */,
				04DDC6D12140B16500F454C0 /* LaunchScreen.storyboard */,
				04DDC6D42140B16500F454C0 /* Info.plist */,
				04DDC6D52140B16500F454C0 /* main.m */,
			);
			path = EDWBaseViewControllerDemo;
			sourceTree = "<group>";
		};
		04DDC6DC2140B18200F454C0 /* EDWBaseViewController */ = {
			isa = PBXGroup;
			children = (
				04DDC6E62140B95D00F454C0 /* EDWBaseViewController.h */,
				04DDC6E72140B95D00F454C0 /* EDWBaseViewController.m */,
			);
			path = EDWBaseViewController;
			sourceTree = "<group>";
		};
/* End PBXGroup section */

/* Begin PBXNativeTarget section */
		04DDC6C82140B16400F454C0 /* EDWBaseViewControllerDemo */ = {
			isa = PBXNativeTarget;
			buildConfigurationList = 04DDC6D92140B16500F454C0 /* Build configuration list for PBXNativeTarget "EDWBaseViewControllerDemo" */;
			buildPhases = (
				04DDC6C52140B16400F454C0 /* Sources */,
				04DDC6C62140B16400F454C0 /* Frameworks */,
				04DDC6C72140B16400F454C0 /* Resources */,
			);
			buildRules = (
			);
			dependencies = (
			);
			name = EDWBaseViewControllerDemo;
			productName = EDWBaseViewControllerDemo;
			productReference = 04DDC6C92140B16400F454C0 /* EDWBaseViewControllerDemo.app */;
			productType = "com.apple.product-type.application";
		};
/* End PBXNativeTarget section */

/* Begin PBXProject section */
		04DDC6C12140B16400F454C0 /* Project object */ = {
			isa = PBXProject;
			attributes = {
				LastUpgradeCheck = 0940;
				ORGANIZATIONNAME = mac;
				TargetAttributes = {
					04DDC6C82140B16400F454C0 = {
						CreatedOnToolsVersion = 9.4.1;
					};
				};
			};
			buildConfigurationList = 04DDC6C42140B16400F454C0 /* Build configuration list for PBXProject "EDWBaseViewControllerDemo" */;
			compatibilityVersion = "Xcode 9.3";
			developmentRegion = en;
			hasScannedForEncodings = 0;
			knownRegions = (
				en,
				Base,
			);
			mainGroup = 04DDC6C02140B16400F454C0;
			productRefGroup = 04DDC6CA2140B16400F454C0 /* Products */;
			projectDirPath = "";
			projectRoot = "";
			targets = (
				04DDC6C82140B16400F454C0 /* EDWBaseViewControllerDemo */,
			);
		};
/* End PBXProject section */

/* Begin PBXResourcesBuildPhase section */
		04DDC6C72140B16400F454C0 /* Resources */ = {
			isa = PBXResourcesBuildPhase;
			buildActionMask = 2147483647;
			files = (
				04DDC6D02140B16500F454C0 /* Assets.xcassets in Resources */,
				04DDC6D32140B16500F454C0 /* LaunchScreen.storyboard in Resources */,
			);
			runOnlyForDeploymentPostprocessing = 0;
		};
/* End PBXResourcesBuildPhase section */

/* Begin PBXSourcesBuildPhase section */
		04DDC6C52140B16400F454C0 /* Sources */ = {
			isa = PBXSourcesBuildPhase;
			buildActionMask = 2147483647;
			files = (
				04DDC6E82140B95D00F454C0 /* EDWBaseViewController.m in Sources */,
				04DDC6D62140B16500F454C0 /* main.m in Sources */,
				04DDC6E22140B2FF00F454C0 /* RootViewController.m in Sources */,
				04DDC6CE2140B16400F454C0 /* AppDelegate.m in Sources */,
			);
			runOnlyForDeploymentPostprocessing = 0;
		};
/* End PBXSourcesBuildPhase section */

/* Begin PBXVariantGroup section */
		04DDC6D12140B16500F454C0 /* LaunchScreen.storyboard */ = {
			isa = PBXVariantGroup;
			children = (
				04DDC6D22140B16500F454C0 /* Base */,
			);
			name = LaunchScreen.storyboard;
			sourceTree = "<group>";
		};
/* End PBXVariantGroup section */

/* Begin XCBuildConfiguration section */
		04DDC6D72140B16500F454C0 /* Debug */ = {
			isa = XCBuildConfiguration;
			buildSettings = {
				ALWAYS_SEARCH_USER_PATHS = NO;
				CLANG_ANALYZER_NONNULL = YES;
				CLANG_ANALYZER_NUMBER_OBJECT_CONVERSION = YES_AGGRESSIVE;
				CLANG_CXX_LANGUAGE_STANDARD = "gnu++14";
				CLANG_CXX_LIBRARY = "libc++";
				CLANG_ENABLE_MODULES = YES;
				CLANG_ENABLE_OBJC_ARC = YES;
				CLANG_ENABLE_OBJC_WEAK = YES;
				CLANG_WARN_BLOCK_CAPTURE_AUTORELEASING = YES;
				CLANG_WARN_BOOL_CONVERSION = YES;
				CLANG_WARN_COMMA = YES;
				CLANG_WARN_CONSTANT_CONVERSION = YES;
				CLANG_WARN_DEPRECATED_OBJC_IMPLEMENTATIONS = YES;
				CLANG_WARN_DIRECT_OBJC_ISA_USAGE = YES_ERROR;
				CLANG_WARN_DOCUMENTATION_COMMENTS = YES;
				CLANG_WARN_EMPTY_BODY = YES;
				CLANG_WARN_ENUM_CONVERSION = YES;
				CLANG_WARN_INFINITE_RECURSION = YES;
				CLANG_WARN_INT_CONVERSION = YES;
				CLANG_WARN_NON_LITERAL_NULL_CONVERSION = YES;
				CLANG_WARN_OBJC_IMPLICIT_RETAIN_SELF = YES;
				CLANG_WARN_OBJC_LITERAL_CONVERSION = YES;
				CLANG_WARN_OBJC_ROOT_CLASS = YES_ERROR;
				CLANG_WARN_RANGE_LOOP_ANALYSIS = YES;
				CLANG_WARN_STRICT_PROTOTYPES = YES;
				CLANG_WARN_SUSPICIOUS_MOVE = YES;
				CLANG_WARN_UNGUARDED_AVAILABILITY = YES_AGGRESSIVE;
				CLANG_WARN_UNREACHABLE_CODE = YES;
				CLANG_WARN__DUPLICATE_METHOD_MATCH = YES;
				CODE_SIGN_IDENTITY = "iPhone Developer";
				COPY_PHASE_STRIP = NO;
				DEBUG_INFORMATION_FORMAT = dwarf;
				ENABLE_STRICT_OBJC_MSGSEND = YES;
				ENABLE_TESTABILITY = YES;
				GCC_C_LANGUAGE_STANDARD = gnu11;
				GCC_DYNAMIC_NO_PIC = NO;
				GCC_NO_COMMON_BLOCKS = YES;
				GCC_OPTIMIZATION_LEVEL = 0;
				GCC_PREPROCESSOR_DEFINITIONS = (
					"DEBUG=1",
					"$(inherited)",
				);
				GCC_WARN_64_TO_32_BIT_CONVERSION = YES;
				GCC_WARN_ABOUT_RETURN_TYPE = YES_ERROR;
				GCC_WARN_UNDECLARED_SELECTOR = YES;
				GCC_WARN_UNINITIALIZED_AUTOS = YES_AGGRESSIVE;
				GCC_WARN_UNUSED_FUNCTION = YES;
				GCC_WARN_UNUSED_VARIABLE = YES;
				IPHONEOS_DEPLOYMENT_TARGET = 11.4;
				MTL_ENABLE_DEBUG_INFO = YES;
				ONLY_ACTIVE_ARCH = YES;
				SDKROOT = iphoneos;
			};
			name = Debug;
		};
		04DDC6D82140B16500F454C0 /* Release */ = {
			isa = XCBuildConfiguration;
			buildSettings = {
				ALWAYS_SEARCH_USER_PATHS = NO;
				CLANG_ANALYZER_NONNULL = YES;
				CLANG_ANALYZER_NUMBER_OBJECT_CONVERSION = YES_AGGRESSIVE;
				CLANG_CXX_LANGUAGE_STANDARD = "gnu++14";
				CLANG_CXX_LIBRARY = "libc++";
				CLANG_ENABLE_MODULES = YES;
				CLANG_ENABLE_OBJC_ARC = YES;
				CLANG_ENABLE_OBJC_WEAK = YES;
				CLANG_WARN_BLOCK_CAPTURE_AUTORELEASING = YES;
				CLANG_WARN_BOOL_CONVERSION = YES;
				CLANG_WARN_COMMA = YES;
				CLANG_WARN_CONSTANT_CONVERSION = YES;
				CLANG_WARN_DEPRECATED_OBJC_IMPLEMENTATIONS = YES;
				CLANG_WARN_DIRECT_OBJC_ISA_USAGE = YES_ERROR;
				CLANG_WARN_DOCUMENTATION_COMMENTS = YES;
				CLANG_WARN_EMPTY_BODY = YES;
				CLANG_WARN_ENUM_CONVERSION = YES;
				CLANG_WARN_INFINITE_RECURSION = YES;
				CLANG_WARN_INT_CONVERSION = YES;
				CLANG_WARN_NON_LITERAL_NULL_CONVERSION = YES;
				CLANG_WARN_OBJC_IMPLICIT_RETAIN_SELF = YES;
				CLANG_WARN_OBJC_LITERAL_CONVERSION = YES;
				CLANG_WARN_OBJC_ROOT_CLASS = YES_ERROR;
				CLANG_WARN_RANGE_LOOP_ANALYSIS = YES;
				CLANG_WARN_STRICT_PROTOTYPES = YES;
				CLANG_WARN_SUSPICIOUS_MOVE = YES;
				CLANG_WARN_UNGUARDED_AVAILABILITY = YES_AGGRESSIVE;
				CLANG_WARN_UNREACHABLE_CODE = YES;
				CLANG_WARN__DUPLICATE_METHOD_MATCH = YES;
				CODE_SIGN_IDENTITY = "iPhone Developer";
				COPY_PHASE_STRIP = NO;
				DEBUG_INFORMATION_FORMAT = "dwarf-with-dsym";
				ENABLE_NS_ASSERTIONS = NO;
				ENABLE_STRICT_OBJC_MSGSEND = YES;
				GCC_C_LANGUAGE_STANDARD = gnu11;
				GCC_NO_COMMON_BLOCKS = YES;
				GCC_WARN_64_TO_32_BIT_CONVERSION = YES;
				GCC_WARN_ABOUT_RETURN_TYPE = YES_ERROR;
				GCC_WARN_UNDECLARED_SELECTOR = YES;
				GCC_WARN_UNINITIALIZED_AUTOS = YES_AGGRESSIVE;
				GCC_WARN_UNUSED_FUNCTION = YES;
				GCC_WARN_UNUSED_VARIABLE = YES;
				IPHONEOS_DEPLOYMENT_TARGET = 11.4;
				MTL_ENABLE_DEBUG_INFO = NO;
				SDKROOT = iphoneos;
				VALIDATE_PRODUCT = YES;
			};
			name = Release;
		};
		04DDC6DA2140B16500F454C0 /* Debug */ = {
			isa = XCBuildConfiguration;
			buildSettings = {
				ASSETCATALOG_COMPILER_APPICON_NAME = AppIcon;
				CLANG_ENABLE_OBJC_ARC = NO;
				CODE_SIGN_STYLE = Automatic;
				INFOPLIST_FILE = EDWBaseViewControllerDemo/Info.plist;
				LD_RUNPATH_SEARCH_PATHS = (
					"$(inherited)",
					"@executable_path/Frameworks",
				);
				PRODUCT_BUNDLE_IDENTIFIER = abc.EDWBaseViewControllerDemo;
				PRODUCT_NAME = "$(TARGET_NAME)";
				TARGETED_DEVICE_FAMILY = "1,2";
			};
			name = Debug;
		};
		04DDC6DB2140B16500F454C0 /* Release */ = {
			isa = XCBuildConfiguration;
			buildSettings = {
				ASSETCATALOG_COMPILER_APPICON_NAME = AppIcon;
				CLANG_ENABLE_OBJC_ARC = NO;
				CODE_SIGN_STYLE = Automatic;
				INFOPLIST_FILE = EDWBaseViewControllerDemo/Info.plist;
				LD_RUNPATH_SEARCH_PATHS = (
					"$(inherited)",
					"@executable_path/Frameworks",
				);
				PRODUCT_BUNDLE_IDENTIFIER = abc.EDWBaseViewControllerDemo;
				PRODUCT_NAME = "$(TARGET_NAME)";
				TARGETED_DEVICE_FAMILY = "1,2";
			};
			name = Release;
		};
/* End XCBuildConfiguration section */

/* Begin XCConfigurationList section */
		04DDC6C42140B16400F454C0 /* Build configuration list for PBXProject "EDWBaseViewControllerDemo" */ = {
			isa = XCConfigurationList;
			buildConfigurations = (
				04DDC6D72140B16500F454C0 /* Debug */,
				04DDC6D82140B16500F454C0 /* Release */,
			);
			defaultConfigurationIsVisible = 0;
			defaultConfigurationName = Release;
		};
		04DDC6D92140B16500F454C0 /* Build configuration list for PBXNativeTarget "EDWBaseViewControllerDemo" */ = {
			isa = XCConfigurationList;
			buildConfigurations = (
				04DDC6DA2140B16500F454C0 /* Debug */,
				04DDC6DB2140B16500F454C0 /* Release */,
			);
			defaultConfigurationIsVisible = 0;
			defaultConfigurationName = Release;
		};
/* End XCConfigurationList section */
	};
	rootObject = 04DDC6C12140B16400F454C0 /* Project object */;
}
